
Microsoft Visual Studio Solution File, Format Version 12.00
# Visual Studio Version 17
VisualStudioVersion = 17.1.32421.90
MinimumVisualStudioVersion = 10.0.40219.1
Project("{9A19103F-16F7-4668-BE54-9A1E7A4F7556}") = "HammingCode", "HammingCode\HammingCode.csproj", "{A1F51A44-056D-4CDA-8AC4-8D84254DA9B8}"
EndProject
Project("{FAE04EC0-301F-11D3-BF4B-00C04F79EFBC}") = "Test", "Test\Test.csproj", "{B5192A61-0072-4E81-8F15-C6140E2965A5}"
EndProject
Global
	GlobalSection(SolutionConfigurationPlatforms) = preSolution
		Debug|Any CPU = Debug|Any CPU
		Release|Any CPU = Release|Any CPU
	EndGlobalSection
	GlobalSection(ProjectConfigurationPlatforms) = postSolution
		{A1F51A44-056D-4CDA-8AC4-8D84254DA9B8}.Debug|Any CPU.ActiveCfg = Debug|Any CPU
		{A1F51A44-056D-4CDA-8AC4-8D84254DA9B8}.Debug|Any CPU.Build.0 = Debug|Any CPU
		{A1F51A44-056D-4CDA-8AC4-8D84254DA9B8}.Release|Any CPU.ActiveCfg = Release|Any CPU
		{A1F51A44-056D-4CDA-8AC4-8D84254DA9B8}.Release|Any CPU.Build.0 = Release|Any CPU
		{B5192A61-0072-4E81-8F15-C6140E2965A5}.Debug|Any CPU.ActiveCfg = Debug|Any CPU
		{B5192A61-0072-4E81-8F15-C6140E2965A5}.Debug|Any CPU.Build.0 = Debug|Any CPU
		{B5192A61-0072-4E81-8F15-C6140E2965A5}.Release|Any CPU.ActiveCfg = Release|Any CPU
		{B5192A61-0072-4E81-8F15-C6140E2965A5}.Release|Any CPU.Build.0 = Release|Any CPU
	EndGlobalSection
	GlobalSection(SolutionProperties) = preSolution
		HideSolutionNode = FALSE
	EndGlobalSection
	GlobalSection(ExtensibilityGlobals) = postSolution
		SolutionGuid = {75760CCC-0BB5-4064-B009-6C6EDA6F71D2}
	EndGlobalSection
EndGlobal
